<?xml version="1.0" encoding="utf-8"?>
<Project ToolsVersion="4.0" xmlns="http://schemas.microsoft.com/developer/msbuild/2003">
  <ItemGroup>
    <Filter Include="Source Files">
      <UniqueIdentifier>{4FC737F1-C7A5-4376-A066-2A32D752A2FF}</UniqueIdentifier>
      <Extensions>cpp;c;cc;cxx;def;odl;idl;hpj;bat;asm;asmx</Extensions>
    </Filter>
    <Filter Include="Header Files">
      <UniqueIdentifier>{93995380-89BD-4b04-88EB-625FBE52EBFB}</UniqueIdentifier>
      <Extensions>h;hh;hpp;hxx;hm;inl;inc;ipp;xsd</Extensions>
    </Filter>
    <Filter Include="Resource Files">
      <UniqueIdentifier>{67DA6AB6-F800-4c08-8B7A-83BB121AAD01}</UniqueIdentifier>
      <Extensions>rc;ico;cur;bmp;dlg;rc2;rct;bin;rgs;gif;jpg;jpeg;jpe;resx;tiff;tif;png;wav;mfcribbon-ms</Extensions>
    </Filter>
    <Filter Include="Source Files\Graphics Tools">
      <UniqueIdentifier>{b08c7eb8-beb6-4659-b360-742d6f4ae0ff}</UniqueIdentifier>
    </Filter>
    <Filter Include="Source Files\OpenGl Components">
      <UniqueIdentifier>{cc8a033f-0ada-44b5-a47e-5a1d295154c2}</UniqueIdentifier>
    </Filter>
    <Filter Include="Source Files\Networking">
      <UniqueIdentifier>{3e8f7d85-6079-4652-8fb4-138d8f676f4d}</UniqueIdentifier>
    </Filter>
  </ItemGroup>
  <ItemGroup>
    <ClInclude Include="GraphicsEngine.h">
      <Filter>Source Files</Filter>
    </ClInclude>
    <ClInclude Include="Camera.h">
      <Filter>Source Files\Graphics Tools</Filter>
    </ClInclude>
    <ClInclude Include="Quad.h">
      <Filter>Source Files\Graphics Tools</Filter>
    </ClInclude>
    <ClInclude Include="Skybox.h">
      <Filter>Source Files\Graphics Tools</Filter>
    </ClInclude>
    <ClInclude Include="Model.h">
      <Filter>Source Files\Graphics Tools</Filter>
    </ClInclude>
    <ClInclude Include="Mesh.h">
      <Filter>Source Files\Graphics Tools</Filter>
    </ClInclude>
    <ClInclude Include="Board.h">
      <Filter>Source Files</Filter>
    </ClInclude>
    <ClInclude Include="Piece.h">
      <Filter>Source Files</Filter>
    </ClInclude>
    <ClInclude Include="GameManager.h">
      <Filter>Source Files</Filter>
    </ClInclude>
    <ClInclude Include="Asset.h">
      <Filter>Source Files</Filter>
    </ClInclude>
    <ClInclude Include="Light.h">
      <Filter>Source Files\Graphics Tools</Filter>
    </ClInclude>
    <ClInclude Include="Server.h">
      <Filter>Source Files\Networking</Filter>
    </ClInclude>
    <ClInclude Include="Client.h">
      <Filter>Source Files\Networking</Filter>
    </ClInclude>
    <ClInclude Include="Tools.h">
      <Filter>Source Files\Networking</Filter>
    </ClInclude>
    <ClInclude Include="TextManager.h">
      <Filter>Source Files\Graphics Tools</Filter>
    </ClInclude>
  </ItemGroup>
  <ItemGroup>
    <ClCompile Include="glad.c">
      <Filter>Source Files\OpenGl Components</Filter>
    </ClCompile>
    <ClCompile Include="..\LibResources\include\img\ImageLoader.cpp">
      <Filter>Source Files\OpenGl Components</Filter>
    </ClCompile>
    <ClCompile Include="TextTest.cpp">
      <Filter>Source Files\Graphics Tools</Filter>
    </ClCompile>
    <ClCompile Include="Online3DFourConnect.cpp">
      <Filter>Source Files</Filter>
    </ClCompile>
    <ClCompile Include="Tools.cpp">
      <Filter>Source Files\Networking</Filter>
    </ClCompile>
    <ClCompile Include="Local3DFourConnect.h">
      <Filter>Source Files</Filter>
    </ClCompile>
  </ItemGroup>
</Project>